
Microsoft Visual Studio Solution File, Format Version 12.00
# Visual Studio Version 16
VisualStudioVersion = 16.0.29728.190
MinimumVisualStudioVersion = 10.0.40219.1
Project("{9A19103F-16F7-4668-BE54-9A1E7A4F7556}") = "Jupiter.WebApi", "Jupiter.WebApi\Jupiter.WebApi.csproj", "{700E4396-C781-430B-A20B-DE556674ABDD}"
EndProject
Project("{FAE04EC0-301F-11D3-BF4B-00C04F79EFBC}") = "Jupiter.DataLayer", "Jupiter.DataLayer\Jupiter.DataLayer.csproj", "{0E2FC0B8-EC2C-467C-8C08-16BFE1889F96}"
EndProject
Project("{FAE04EC0-301F-11D3-BF4B-00C04F79EFBC}") = "Jupiter.Core", "Jupiter.Core\Jupiter.Core.csproj", "{219039BA-1167-4AAD-9992-6FAFFF097EF9}"
EndProject
Global
	GlobalSection(SolutionConfigurationPlatforms) = preSolution
		Debug|Any CPU = Debug|Any CPU
		Release|Any CPU = Release|Any CPU
	EndGlobalSection
	GlobalSection(ProjectConfigurationPlatforms) = postSolution
		{700E4396-C781-430B-A20B-DE556674ABDD}.Debug|Any CPU.ActiveCfg = Debug|Any CPU
		{700E4396-C781-430B-A20B-DE556674ABDD}.Debug|Any CPU.Build.0 = Debug|Any CPU
		{700E4396-C781-430B-A20B-DE556674ABDD}.Release|Any CPU.ActiveCfg = Release|Any CPU
		{700E4396-C781-430B-A20B-DE556674ABDD}.Release|Any CPU.Build.0 = Release|Any CPU
		{0E2FC0B8-EC2C-467C-8C08-16BFE1889F96}.Debug|Any CPU.ActiveCfg = Debug|Any CPU
		{0E2FC0B8-EC2C-467C-8C08-16BFE1889F96}.Debug|Any CPU.Build.0 = Debug|Any CPU
		{0E2FC0B8-EC2C-467C-8C08-16BFE1889F96}.Release|Any CPU.ActiveCfg = Release|Any CPU
		{0E2FC0B8-EC2C-467C-8C08-16BFE1889F96}.Release|Any CPU.Build.0 = Release|Any CPU
		{219039BA-1167-4AAD-9992-6FAFFF097EF9}.Debug|Any CPU.ActiveCfg = Debug|Any CPU
		{219039BA-1167-4AAD-9992-6FAFFF097EF9}.Debug|Any CPU.Build.0 = Debug|Any CPU
		{219039BA-1167-4AAD-9992-6FAFFF097EF9}.Release|Any CPU.ActiveCfg = Release|Any CPU
		{219039BA-1167-4AAD-9992-6FAFFF097EF9}.Release|Any CPU.Build.0 = Release|Any CPU
	EndGlobalSection
	GlobalSection(SolutionProperties) = preSolution
		HideSolutionNode = FALSE
	EndGlobalSection
	GlobalSection(ExtensibilityGlobals) = postSolution
		SolutionGuid = {103B9858-85FB-49A9-83B5-33BCC957BB2F}
	EndGlobalSection
EndGlobal
